
Microsoft Visual Studio Solution File, Format Version 12.00
# Visual Studio 14
VisualStudioVersion = 14.0.25420.1
MinimumVisualStudioVersion = 10.0.40219.1
Project("{FAE04EC0-301F-11D3-BF4B-00C04F79EFBC}") = "WindowsFormsApplication1", "WindowsFormsApplication1\WindowsFormsApplication1.csproj", "{5F510D55-9D05-4FD3-82B7-D874D7795B0E}"
EndProject
Project("{54435603-DBB4-11D2-8724-00A0C9A8B90C}") = "Şifre Hatırlatıcı Setup", "Şifre Hatırlatıcı Setup\Şifre Hatırlatıcı Setup.vdproj", "{FB6461CC-BB7A-441F-9D01-84BA69EE39EA}"
EndProject
Global
	GlobalSection(SolutionConfigurationPlatforms) = preSolution
		Debug|Any CPU = Debug|Any CPU
		Release|Any CPU = Release|Any CPU
	EndGlobalSection
	GlobalSection(ProjectConfigurationPlatforms) = postSolution
		{5F510D55-9D05-4FD3-82B7-D874D7795B0E}.Debug|Any CPU.ActiveCfg = Debug|Any CPU
		{5F510D55-9D05-4FD3-82B7-D874D7795B0E}.Debug|Any CPU.Build.0 = Debug|Any CPU
		{5F510D55-9D05-4FD3-82B7-D874D7795B0E}.Release|Any CPU.ActiveCfg = Release|Any CPU
		{5F510D55-9D05-4FD3-82B7-D874D7795B0E}.Release|Any CPU.Build.0 = Release|Any CPU
		{FB6461CC-BB7A-441F-9D01-84BA69EE39EA}.Debug|Any CPU.ActiveCfg = Debug
		{FB6461CC-BB7A-441F-9D01-84BA69EE39EA}.Release|Any CPU.ActiveCfg = Release
	EndGlobalSection
	GlobalSection(SolutionProperties) = preSolution
		HideSolutionNode = FALSE
	EndGlobalSection
EndGlobal
